// !$*UTF8*$!
{
	archiveVersion = 1;
	classes = {
	};
	objectVersion = 55;
	objects = {

/* Begin PBXBuildFile section */
		79803E3A298908DC004BA98C /* DrinksCollectionViewCell.swift in Sources */ = {isa = PBXBuildFile; fileRef = 79803E39298908DC004BA98C /* DrinksCollectionViewCell.swift */; };
		7983D0352987A22000D627EE /* AppDelegate.swift in Sources */ = {isa = PBXBuildFile; fileRef = 7983D0342987A22000D627EE /* AppDelegate.swift */; };
		7983D0372987A22000D627EE /* SceneDelegate.swift in Sources */ = {isa = PBXBuildFile; fileRef = 7983D0362987A22000D627EE /* SceneDelegate.swift */; };
		7983D03C2987A22000D627EE /* Main.storyboard in Resources */ = {isa = PBXBuildFile; fileRef = 7983D03A2987A22000D627EE /* Main.storyboard */; };
		7983D03E2987A22700D627EE /* Assets.xcassets in Resources */ = {isa = PBXBuildFile; fileRef = 7983D03D2987A22700D627EE /* Assets.xcassets */; };
		7983D0412987A22700D627EE /* LaunchScreen.storyboard in Resources */ = {isa = PBXBuildFile; fileRef = 7983D03F2987A22700D627EE /* LaunchScreen.storyboard */; };
		7983D04A2987A26D00D627EE /* Menu.swift in Sources */ = {isa = PBXBuildFile; fileRef = 7983D0492987A26D00D627EE /* Menu.swift */; };
		7983D04E2987A56200D627EE /* HomeViewController.swift in Sources */ = {isa = PBXBuildFile; fileRef = 7983D04D2987A56200D627EE /* HomeViewController.swift */; };
		7983D0502987B40A00D627EE /* BannerCollectionViewCell.swift in Sources */ = {isa = PBXBuildFile; fileRef = 7983D04F2987B40A00D627EE /* BannerCollectionViewCell.swift */; };
/* End PBXBuildFile section */

/* Begin PBXFileReference section */
		79803E39298908DC004BA98C /* DrinksCollectionViewCell.swift */ = {isa = PBXFileReference; lastKnownFileType = sourcecode.swift; path = DrinksCollectionViewCell.swift; sourceTree = "<group>"; };
		7983D0312987A22000D627EE /* MilkShop.app */ = {isa = PBXFileReference; explicitFileType = wrapper.application; includeInIndex = 0; path = MilkShop.app; sourceTree = BUILT_PRODUCTS_DIR; };
		7983D0342987A22000D627EE /* AppDelegate.swift */ = {isa = PBXFileReference; lastKnownFileType = sourcecode.swift; path = AppDelegate.swift; sourceTree = "<group>"; };
		7983D0362987A22000D627EE /* SceneDelegate.swift */ = {isa = PBXFileReference; lastKnownFileType = sourcecode.swift; path = SceneDelegate.swift; sourceTree = "<group>"; };
		7983D03B2987A22000D627EE /* Base */ = {isa = PBXFileReference; lastKnownFileType = file.storyboard; name = Base; path = Base.lproj/Main.storyboard; sourceTree = "<group>"; };
		7983D03D2987A22700D627EE /* Assets.xcassets */ = {isa = PBXFileReference; lastKnownFileType = folder.assetcatalog; path = Assets.xcassets; sourceTree = "<group>"; };
		7983D0402987A22700D627EE /* Base */ = {isa = PBXFileReference; lastKnownFileType = file.storyboard; name = Base; path = Base.lproj/LaunchScreen.storyboard; sourceTree = "<group>"; };
		7983D0422987A22700D627EE /* Info.plist */ = {isa = PBXFileReference; lastKnownFileType = text.plist.xml; path = Info.plist; sourceTree = "<group>"; };
		7983D0492987A26D00D627EE /* Menu.swift */ = {isa = PBXFileReference; lastKnownFileType = sourcecode.swift; path = Menu.swift; sourceTree = "<group>"; };
		7983D04D2987A56200D627EE /* HomeViewController.swift */ = {isa = PBXFileReference; lastKnownFileType = sourcecode.swift; path = HomeViewController.swift; sourceTree = "<group>"; };
		7983D04F2987B40A00D627EE /* BannerCollectionViewCell.swift */ = {isa = PBXFileReference; lastKnownFileType = sourcecode.swift; path = BannerCollectionViewCell.swift; sourceTree = "<group>"; };
/* End PBXFileReference section */

/* Begin PBXFrameworksBuildPhase section */
		7983D02E2987A22000D627EE /* Frameworks */ = {
			isa = PBXFrameworksBuildPhase;
			buildActionMask = 2147483647;
			files = (
			);
			runOnlyForDeploymentPostprocessing = 0;
		};
/* End PBXFrameworksBuildPhase section */

/* Begin PBXGroup section */
		7983D0282987A22000D627EE = {
			isa = PBXGroup;
			children = (
				7983D0332987A22000D627EE /* MilkShop */,
				7983D0322987A22000D627EE /* Products */,
			);
			sourceTree = "<group>";
		};
		7983D0322987A22000D627EE /* Products */ = {
			isa = PBXGroup;
			children = (
				7983D0312987A22000D627EE /* MilkShop.app */,
			);
			name = Products;
			sourceTree = "<group>";
		};
		7983D0332987A22000D627EE /* MilkShop */ = {
			isa = PBXGroup;
			children = (
				7983D04C2987A50A00D627EE /* Controller */,
				7983D04B2987A4F800D627EE /* View */,
				7983D0482987A23B00D627EE /* Model */,
				7983D0342987A22000D627EE /* AppDelegate.swift */,
				7983D0362987A22000D627EE /* SceneDelegate.swift */,
				7983D03A2987A22000D627EE /* Main.storyboard */,
				7983D03D2987A22700D627EE /* Assets.xcassets */,
				7983D03F2987A22700D627EE /* LaunchScreen.storyboard */,
				7983D0422987A22700D627EE /* Info.plist */,
			);
			path = MilkShop;
			sourceTree = "<group>";
		};
		7983D0482987A23B00D627EE /* Model */ = {
			isa = PBXGroup;
			children = (
				7983D0492987A26D00D627EE /* Menu.swift */,
			);
			path = Model;
			sourceTree = "<group>";
		};
		7983D04B2987A4F800D627EE /* View */ = {
			isa = PBXGroup;
			children = (
				7983D04F2987B40A00D627EE /* BannerCollectionViewCell.swift */,
				79803E39298908DC004BA98C /* DrinksCollectionViewCell.swift */,
			);
			path = View;
			sourceTree = "<group>";
		};
		7983D04C2987A50A00D627EE /* Controller */ = {
			isa = PBXGroup;
			children = (
				7983D04D2987A56200D627EE /* HomeViewController.swift */,
			);
			path = Controller;
			sourceTree = "<group>";
		};
/* End PBXGroup section */

/* Begin PBXNativeTarget section */
		7983D0302987A22000D627EE /* MilkShop */ = {
			isa = PBXNativeTarget;
			buildConfigurationList = 7983D0452987A22700D627EE /* Build configuration list for PBXNativeTarget "MilkShop" */;
			buildPhases = (
				7983D02D2987A22000D627EE /* Sources */,
				7983D02E2987A22000D627EE /* Frameworks */,
				7983D02F2987A22000D627EE /* Resources */,
			);
			buildRules = (
			);
			dependencies = (
			);
			name = MilkShop;
			productName = MilkShop;
			productReference = 7983D0312987A22000D627EE /* MilkShop.app */;
			productType = "com.apple.product-type.application";
		};
/* End PBXNativeTarget section */

/* Begin PBXProject section */
		7983D0292987A22000D627EE /* Project object */ = {
			isa = PBXProject;
			attributes = {
				BuildIndependentTargetsInParallel = 1;
				LastSwiftUpdateCheck = 1300;
				LastUpgradeCheck = 1300;
				TargetAttributes = {
					7983D0302987A22000D627EE = {
						CreatedOnToolsVersion = 13.0;
					};
				};
			};
			buildConfigurationList = 7983D02C2987A22000D627EE /* Build configuration list for PBXProject "MilkShop" */;
			compatibilityVersion = "Xcode 13.0";
			developmentRegion = en;
			hasScannedForEncodings = 0;
			knownRegions = (
				en,
				Base,
			);
			mainGroup = 7983D0282987A22000D627EE;
			productRefGroup = 7983D0322987A22000D627EE /* Products */;
			projectDirPath = "";
			projectRoot = "";
			targets = (
				7983D0302987A22000D627EE /* MilkShop */,
			);
		};
/* End PBXProject section */

/* Begin PBXResourcesBuildPhase section */
		7983D02F2987A22000D627EE /* Resources */ = {
			isa = PBXResourcesBuildPhase;
			buildActionMask = 2147483647;
			files = (
				7983D0412987A22700D627EE /* LaunchScreen.storyboard in Resources */,
				7983D03E2987A22700D627EE /* Assets.xcassets in Resources */,
				7983D03C2987A22000D627EE /* Main.storyboard in Resources */,
			);
			runOnlyForDeploymentPostprocessing = 0;
		};
/* End PBXResourcesBuildPhase section */

/* Begin PBXSourcesBuildPhase section */
		7983D02D2987A22000D627EE /* Sources */ = {
			isa = PBXSourcesBuildPhase;
			buildActionMask = 2147483647;
			files = (
				7983D0352987A22000D627EE /* AppDelegate.swift in Sources */,
				7983D04A2987A26D00D627EE /* Menu.swift in Sources */,
				7983D0372987A22000D627EE /* SceneDelegate.swift in Sources */,
				7983D0502987B40A00D627EE /* BannerCollectionViewCell.swift in Sources */,
				7983D04E2987A56200D627EE /* HomeViewController.swift in Sources */,
				79803E3A298908DC004BA98C /* DrinksCollectionViewCell.swift in Sources */,
			);
			runOnlyForDeploymentPostprocessing = 0;
		};
/* End PBXSourcesBuildPhase section */

/* Begin PBXVariantGroup section */
		7983D03A2987A22000D627EE /* Main.storyboard */ = {
			isa = PBXVariantGroup;
			children = (
				7983D03B2987A22000D627EE /* Base */,
			);
			name = Main.storyboard;
			sourceTree = "<group>";
		};
		7983D03F2987A22700D627EE /* LaunchScreen.storyboard */ = {
			isa = PBXVariantGroup;
			children = (
				7983D0402987A22700D627EE /* Base */,
			);
			name = LaunchScreen.storyboard;
			sourceTree = "<group>";
		};
/* End PBXVariantGroup section */

/* Begin XCBuildConfiguration section */
		7983D0432987A22700D627EE /* Debug */ = {
			isa = XCBuildConfiguration;
			buildSettings = {
				ALWAYS_SEARCH_USER_PATHS = NO;
				CLANG_ANALYZER_NONNULL = YES;
				CLANG_ANALYZER_NUMBER_OBJECT_CONVERSION = YES_AGGRESSIVE;
				CLANG_CXX_LANGUAGE_STANDARD = "gnu++17";
				CLANG_CXX_LIBRARY = "libc++";
				CLANG_ENABLE_MODULES = YES;
				CLANG_ENABLE_OBJC_ARC = YES;
				CLANG_ENABLE_OBJC_WEAK = YES;
				CLANG_WARN_BLOCK_CAPTURE_AUTORELEASING = YES;
				CLANG_WARN_BOOL_CONVERSION = YES;
				CLANG_WARN_COMMA = YES;
				CLANG_WARN_CONSTANT_CONVERSION = YES;
				CLANG_WARN_DEPRECATED_OBJC_IMPLEMENTATIONS = YES;
				CLANG_WARN_DIRECT_OBJC_ISA_USAGE = YES_ERROR;
				CLANG_WARN_DOCUMENTATION_COMMENTS = YES;
				CLANG_WARN_EMPTY_BODY = YES;
				CLANG_WARN_ENUM_CONVERSION = YES;
				CLANG_WARN_INFINITE_RECURSION = YES;
				CLANG_WARN_INT_CONVERSION = YES;
				CLANG_WARN_NON_LITERAL_NULL_CONVERSION = YES;
				CLANG_WARN_OBJC_IMPLICIT_RETAIN_SELF = YES;
				CLANG_WARN_OBJC_LITERAL_CONVERSION = YES;
				CLANG_WARN_OBJC_ROOT_CLASS = YES_ERROR;
				CLANG_WARN_QUOTED_INCLUDE_IN_FRAMEWORK_HEADER = YES;
				CLANG_WARN_RANGE_LOOP_ANALYSIS = YES;
				CLANG_WARN_STRICT_PROTOTYPES = YES;
				CLANG_WARN_SUSPICIOUS_MOVE = YES;
				CLANG_WARN_UNGUARDED_AVAILABILITY = YES_AGGRESSIVE;
				CLANG_WARN_UNREACHABLE_CODE = YES;
				CLANG_WARN__DUPLICATE_METHOD_MATCH = YES;
				COPY_PHASE_STRIP = NO;
				DEBUG_INFORMATION_FORMAT = dwarf;
				ENABLE_STRICT_OBJC_MSGSEND = YES;
				ENABLE_TESTABILITY = YES;
				GCC_C_LANGUAGE_STANDARD = gnu11;
				GCC_DYNAMIC_NO_PIC = NO;
				GCC_NO_COMMON_BLOCKS = YES;
				GCC_OPTIMIZATION_LEVEL = 0;
				GCC_PREPROCESSOR_DEFINITIONS = (
					"DEBUG=1",
					"$(inherited)",
				);
				GCC_WARN_64_TO_32_BIT_CONVERSION = YES;
				GCC_WARN_ABOUT_RETURN_TYPE = YES_ERROR;
				GCC_WARN_UNDECLARED_SELECTOR = YES;
				GCC_WARN_UNINITIALIZED_AUTOS = YES_AGGRESSIVE;
				GCC_WARN_UNUSED_FUNCTION = YES;
				GCC_WARN_UNUSED_VARIABLE = YES;
				IPHONEOS_DEPLOYMENT_TARGET = 15.0;
				MTL_ENABLE_DEBUG_INFO = INCLUDE_SOURCE;
				MTL_FAST_MATH = YES;
				ONLY_ACTIVE_ARCH = YES;
				SDKROOT = iphoneos;
				SWIFT_ACTIVE_COMPILATION_CONDITIONS = DEBUG;
				SWIFT_OPTIMIZATION_LEVEL = "-Onone";
			};
			name = Debug;
		};
		7983D0442987A22700D627EE /* Release */ = {
			isa = XCBuildConfiguration;
			buildSettings = {
				ALWAYS_SEARCH_USER_PATHS = NO;
				CLANG_ANALYZER_NONNULL = YES;
				CLANG_ANALYZER_NUMBER_OBJECT_CONVERSION = YES_AGGRESSIVE;
				CLANG_CXX_LANGUAGE_STANDARD = "gnu++17";
				CLANG_CXX_LIBRARY = "libc++";
				CLANG_ENABLE_MODULES = YES;
				CLANG_ENABLE_OBJC_ARC = YES;
				CLANG_ENABLE_OBJC_WEAK = YES;
				CLANG_WARN_BLOCK_CAPTURE_AUTORELEASING = YES;
				CLANG_WARN_BOOL_CONVERSION = YES;
				CLANG_WARN_COMMA = YES;
				CLANG_WARN_CONSTANT_CONVERSION = YES;
				CLANG_WARN_DEPRECATED_OBJC_IMPLEMENTATIONS = YES;
				CLANG_WARN_DIRECT_OBJC_ISA_USAGE = YES_ERROR;
				CLANG_WARN_DOCUMENTATION_COMMENTS = YES;
				CLANG_WARN_EMPTY_BODY = YES;
				CLANG_WARN_ENUM_CONVERSION = YES;
				CLANG_WARN_INFINITE_RECURSION = YES;
				CLANG_WARN_INT_CONVERSION = YES;
				CLANG_WARN_NON_LITERAL_NULL_CONVERSION = YES;
				CLANG_WARN_OBJC_IMPLICIT_RETAIN_SELF = YES;
				CLANG_WARN_OBJC_LITERAL_CONVERSION = YES;
				CLANG_WARN_OBJC_ROOT_CLASS = YES_ERROR;
				CLANG_WARN_QUOTED_INCLUDE_IN_FRAMEWORK_HEADER = YES;
				CLANG_WARN_RANGE_LOOP_ANALYSIS = YES;
				CLANG_WARN_STRICT_PROTOTYPES = YES;
				CLANG_WARN_SUSPICIOUS_MOVE = YES;
				CLANG_WARN_UNGUARDED_AVAILABILITY = YES_AGGRESSIVE;
				CLANG_WARN_UNREACHABLE_CODE = YES;
				CLANG_WARN__DUPLICATE_METHOD_MATCH = YES;
				COPY_PHASE_STRIP = NO;
				DEBUG_INFORMATION_FORMAT = "dwarf-with-dsym";
				ENABLE_NS_ASSERTIONS = NO;
				ENABLE_STRICT_OBJC_MSGSEND = YES;
				GCC_C_LANGUAGE_STANDARD = gnu11;
				GCC_NO_COMMON_BLOCKS = YES;
				GCC_WARN_64_TO_32_BIT_CONVERSION = YES;
				GCC_WARN_ABOUT_RETURN_TYPE = YES_ERROR;
				GCC_WARN_UNDECLARED_SELECTOR = YES;
				GCC_WARN_UNINITIALIZED_AUTOS = YES_AGGRESSIVE;
				GCC_WARN_UNUSED_FUNCTION = YES;
				GCC_WARN_UNUSED_VARIABLE = YES;
				IPHONEOS_DEPLOYMENT_TARGET = 15.0;
				MTL_ENABLE_DEBUG_INFO = NO;
				MTL_FAST_MATH = YES;
				SDKROOT = iphoneos;
				SWIFT_COMPILATION_MODE = wholemodule;
				SWIFT_OPTIMIZATION_LEVEL = "-O";
				VALIDATE_PRODUCT = YES;
			};
			name = Release;
		};
		7983D0462987A22700D627EE /* Debug */ = {
			isa = XCBuildConfiguration;
			buildSettings = {
				ASSETCATALOG_COMPILER_APPICON_NAME = AppIcon;
				ASSETCATALOG_COMPILER_GLOBAL_ACCENT_COLOR_NAME = AccentColor;
				CODE_SIGN_STYLE = Automatic;
				CURRENT_PROJECT_VERSION = 1;
				DEVELOPMENT_TEAM = 7P6V5QA9SU;
				GENERATE_INFOPLIST_FILE = YES;
				INFOPLIST_FILE = MilkShop/Info.plist;
				INFOPLIST_KEY_UIApplicationSupportsIndirectInputEvents = YES;
				INFOPLIST_KEY_UILaunchStoryboardName = LaunchScreen;
				INFOPLIST_KEY_UIMainStoryboardFile = Main;
				INFOPLIST_KEY_UISupportedInterfaceOrientations_iPad = "UIInterfaceOrientationPortrait UIInterfaceOrientationPortraitUpsideDown UIInterfaceOrientationLandscapeLeft UIInterfaceOrientationLandscapeRight";
				INFOPLIST_KEY_UISupportedInterfaceOrientations_iPhone = "UIInterfaceOrientationPortrait UIInterfaceOrientationLandscapeLeft UIInterfaceOrientationLandscapeRight";
				LD_RUNPATH_SEARCH_PATHS = (
					"$(inherited)",
					"@executable_path/Frameworks",
				);
				MARKETING_VERSION = 1.0;
				PRODUCT_BUNDLE_IDENTIFIER = www.com.MilkShop;
				PRODUCT_NAME = "$(TARGET_NAME)";
				SWIFT_EMIT_LOC_STRINGS = YES;
				SWIFT_VERSION = 5.0;
				TARGETED_DEVICE_FAMILY = "1,2";
			};
			name = Debug;
		};
		7983D0472987A22700D627EE /* Release */ = {
			isa = XCBuildConfiguration;
			buildSettings = {
				ASSETCATALOG_COMPILER_APPICON_NAME = AppIcon;
				ASSETCATALOG_COMPILER_GLOBAL_ACCENT_COLOR_NAME = AccentColor;
				CODE_SIGN_STYLE = Automatic;
				CURRENT_PROJECT_VERSION = 1;
				DEVELOPMENT_TEAM = 7P6V5QA9SU;
				GENERATE_INFOPLIST_FILE = YES;
				INFOPLIST_FILE = MilkShop/Info.plist;
				INFOPLIST_KEY_UIApplicationSupportsIndirectInputEvents = YES;
				INFOPLIST_KEY_UILaunchStoryboardName = LaunchScreen;
				INFOPLIST_KEY_UIMainStoryboardFile = Main;
				INFOPLIST_KEY_UISupportedInterfaceOrientations_iPad = "UIInterfaceOrientationPortrait UIInterfaceOrientationPortraitUpsideDown UIInterfaceOrientationLandscapeLeft UIInterfaceOrientationLandscapeRight";
				INFOPLIST_KEY_UISupportedInterfaceOrientations_iPhone = "UIInterfaceOrientationPortrait UIInterfaceOrientationLandscapeLeft UIInterfaceOrientationLandscapeRight";
				LD_RUNPATH_SEARCH_PATHS = (
					"$(inherited)",
					"@executable_path/Frameworks",
				);
				MARKETING_VERSION = 1.0;
				PRODUCT_BUNDLE_IDENTIFIER = www.com.MilkShop;
				PRODUCT_NAME = "$(TARGET_NAME)";
				SWIFT_EMIT_LOC_STRINGS = YES;
				SWIFT_VERSION = 5.0;
				TARGETED_DEVICE_FAMILY = "1,2";
			};
			name = Release;
		};
/* End XCBuildConfiguration section */

/* Begin XCConfigurationList section */
		7983D02C2987A22000D627EE /* Build configuration list for PBXProject "MilkShop" */ = {
			isa = XCConfigurationList;
			buildConfigurations = (
				7983D0432987A22700D627EE /* Debug */,
				7983D0442987A22700D627EE /* Release */,
			);
			defaultConfigurationIsVisible = 0;
			defaultConfigurationName = Release;
		};
		7983D0452987A22700D627EE /* Build configuration list for PBXNativeTarget "MilkShop" */ = {
			isa = XCConfigurationList;
			buildConfigurations = (
				7983D0462987A22700D627EE /* Debug */,
				7983D0472987A22700D627EE /* Release */,
			);
			defaultConfigurationIsVisible = 0;
			defaultConfigurationName = Release;
		};
/* End XCConfigurationList section */
	};
	rootObject = 7983D0292987A22000D627EE /* Project object */;
}
